
Microsoft Visual Studio Solution File, Format Version 12.00
# Visual Studio Version 16
VisualStudioVersion = 16.0.30717.126
MinimumVisualStudioVersion = 10.0.40219.1
Project("{FAE04EC0-301F-11D3-BF4B-00C04F79EFBC}") = "Day4", "Day4\Day4.csproj", "{50D36A3C-78CB-4697-8ED8-AC5086D7A9FB}"
EndProject
Global
	GlobalSection(SolutionConfigurationPlatforms) = preSolution
		Debug|Any CPU = Debug|Any CPU
		Release|Any CPU = Release|Any CPU
	EndGlobalSection
	GlobalSection(ProjectConfigurationPlatforms) = postSolution
		{50D36A3C-78CB-4697-8ED8-AC5086D7A9FB}.Debug|Any CPU.ActiveCfg = Debug|Any CPU
		{50D36A3C-78CB-4697-8ED8-AC5086D7A9FB}.Debug|Any CPU.Build.0 = Debug|Any CPU
		{50D36A3C-78CB-4697-8ED8-AC5086D7A9FB}.Release|Any CPU.ActiveCfg = Release|Any CPU
		{50D36A3C-78CB-4697-8ED8-AC5086D7A9FB}.Release|Any CPU.Build.0 = Release|Any CPU
	EndGlobalSection
	GlobalSection(SolutionProperties) = preSolution
		HideSolutionNode = FALSE
	EndGlobalSection
	GlobalSection(ExtensibilityGlobals) = postSolution
		SolutionGuid = {2F83428A-3B3C-49E0-AAE3-DAA572B020E8}
	EndGlobalSection
EndGlobal
