
Microsoft Visual Studio Solution File, Format Version 12.00
# Visual Studio Version 16
VisualStudioVersion = 16.0.30717.126
MinimumVisualStudioVersion = 10.0.40219.1
Project("{FAE04EC0-301F-11D3-BF4B-00C04F79EFBC}") = "Day3_prj3", "Day3_prj3\Day3_prj3.csproj", "{7313DECF-4210-4FF0-9DB1-580EBBE21489}"
EndProject
Project("{FAE04EC0-301F-11D3-BF4B-00C04F79EFBC}") = "Assignment2", "..\Assignment2\Assignment2\Assignment2.csproj", "{EAA092F8-8B2C-4381-8BA4-35BE3E448F26}"
EndProject
Global
	GlobalSection(SolutionConfigurationPlatforms) = preSolution
		Debug|Any CPU = Debug|Any CPU
		Release|Any CPU = Release|Any CPU
	EndGlobalSection
	GlobalSection(ProjectConfigurationPlatforms) = postSolution
		{7313DECF-4210-4FF0-9DB1-580EBBE21489}.Debug|Any CPU.ActiveCfg = Debug|Any CPU
		{7313DECF-4210-4FF0-9DB1-580EBBE21489}.Debug|Any CPU.Build.0 = Debug|Any CPU
		{7313DECF-4210-4FF0-9DB1-580EBBE21489}.Release|Any CPU.ActiveCfg = Release|Any CPU
		{7313DECF-4210-4FF0-9DB1-580EBBE21489}.Release|Any CPU.Build.0 = Release|Any CPU
		{EAA092F8-8B2C-4381-8BA4-35BE3E448F26}.Debug|Any CPU.ActiveCfg = Debug|Any CPU
		{EAA092F8-8B2C-4381-8BA4-35BE3E448F26}.Debug|Any CPU.Build.0 = Debug|Any CPU
		{EAA092F8-8B2C-4381-8BA4-35BE3E448F26}.Release|Any CPU.ActiveCfg = Release|Any CPU
		{EAA092F8-8B2C-4381-8BA4-35BE3E448F26}.Release|Any CPU.Build.0 = Release|Any CPU
	EndGlobalSection
	GlobalSection(SolutionProperties) = preSolution
		HideSolutionNode = FALSE
	EndGlobalSection
	GlobalSection(ExtensibilityGlobals) = postSolution
		SolutionGuid = {E8B8BC30-8914-4320-8661-95C4A73B8144}
	EndGlobalSection
EndGlobal
