
Microsoft Visual Studio Solution File, Format Version 12.00
# Visual Studio Version 16
VisualStudioVersion = 16.0.30717.126
MinimumVisualStudioVersion = 10.0.40219.1
Project("{FAE04EC0-301F-11D3-BF4B-00C04F79EFBC}") = "Day9_prac", "Day9_prac\Day9_prac.csproj", "{CDECE5A0-AF12-4A82-9F28-07D1705DA803}"
EndProject
Global
	GlobalSection(SolutionConfigurationPlatforms) = preSolution
		Debug|Any CPU = Debug|Any CPU
		Release|Any CPU = Release|Any CPU
	EndGlobalSection
	GlobalSection(ProjectConfigurationPlatforms) = postSolution
		{CDECE5A0-AF12-4A82-9F28-07D1705DA803}.Debug|Any CPU.ActiveCfg = Debug|Any CPU
		{CDECE5A0-AF12-4A82-9F28-07D1705DA803}.Debug|Any CPU.Build.0 = Debug|Any CPU
		{CDECE5A0-AF12-4A82-9F28-07D1705DA803}.Release|Any CPU.ActiveCfg = Release|Any CPU
		{CDECE5A0-AF12-4A82-9F28-07D1705DA803}.Release|Any CPU.Build.0 = Release|Any CPU
	EndGlobalSection
	GlobalSection(SolutionProperties) = preSolution
		HideSolutionNode = FALSE
	EndGlobalSection
	GlobalSection(ExtensibilityGlobals) = postSolution
		SolutionGuid = {BADEB46D-F8A5-405E-AA23-7266AF066793}
	EndGlobalSection
EndGlobal
